
Microsoft Visual Studio Solution File, Format Version 12.00
# Visual Studio Version 17
VisualStudioVersion = 17.8.34511.84
MinimumVisualStudioVersion = 10.0.40219.1
Project("{888888A0-9F3D-457C-B088-3A5042F75D52}") = "Notes", "Notes\Notes.pyproj", "{EF44577E-C763-4452-B5D8-E56579FAC220}"
EndProject
Global
	GlobalSection(SolutionConfigurationPlatforms) = preSolution
		Debug|Any CPU = Debug|Any CPU
		Release|Any CPU = Release|Any CPU
	EndGlobalSection
	GlobalSection(ProjectConfigurationPlatforms) = postSolution
		{EF44577E-C763-4452-B5D8-E56579FAC220}.Debug|Any CPU.ActiveCfg = Debug|Any CPU
		{EF44577E-C763-4452-B5D8-E56579FAC220}.Release|Any CPU.ActiveCfg = Release|Any CPU
	EndGlobalSection
	GlobalSection(SolutionProperties) = preSolution
		HideSolutionNode = FALSE
	EndGlobalSection
	GlobalSection(ExtensibilityGlobals) = postSolution
		SolutionGuid = {51ED19D9-B36B-4301-A049-CB02CA8723DC}
	EndGlobalSection
EndGlobal
